
Microsoft Visual Studio Solution File, Format Version 12.00
# Visual Studio Version 17
VisualStudioVersion = 17.4.33403.182
MinimumVisualStudioVersion = 10.0.40219.1
Project("{FAE04EC0-301F-11D3-BF4B-00C04F79EFBC}") = "AssignmentPRN211", "AssignmentPRN211.csproj", "{B22C1D43-E7EF-4D63-94E2-9799F0D7CB01}"
EndProject
Global
	GlobalSection(SolutionConfigurationPlatforms) = preSolution
		Debug|Any CPU = Debug|Any CPU
		Release|Any CPU = Release|Any CPU
	EndGlobalSection
	GlobalSection(ProjectConfigurationPlatforms) = postSolution
		{B22C1D43-E7EF-4D63-94E2-9799F0D7CB01}.Debug|Any CPU.ActiveCfg = Debug|Any CPU
		{B22C1D43-E7EF-4D63-94E2-9799F0D7CB01}.Debug|Any CPU.Build.0 = Debug|Any CPU
		{B22C1D43-E7EF-4D63-94E2-9799F0D7CB01}.Release|Any CPU.ActiveCfg = Release|Any CPU
		{B22C1D43-E7EF-4D63-94E2-9799F0D7CB01}.Release|Any CPU.Build.0 = Release|Any CPU
	EndGlobalSection
	GlobalSection(SolutionProperties) = preSolution
		HideSolutionNode = FALSE
	EndGlobalSection
	GlobalSection(ExtensibilityGlobals) = postSolution
		SolutionGuid = {B67A3D2A-BB55-4CF5-A9F3-A9DDA2697909}
	EndGlobalSection
EndGlobal
